
Microsoft Visual Studio Solution File, Format Version 12.00
# Visual Studio Version 17
VisualStudioVersion = 17.4.33213.308
MinimumVisualStudioVersion = 10.0.40219.1
Project("{FAE04EC0-301F-11D3-BF4B-00C04F79EFBC}") = "ShopClient", "ShopClient.csproj", "{7C6DF23B-52BE-40EF-8332-B1B1986C33C8}"
EndProject
Global
	GlobalSection(SolutionConfigurationPlatforms) = preSolution
		Debug|Any CPU = Debug|Any CPU
		Release|Any CPU = Release|Any CPU
	EndGlobalSection
	GlobalSection(ProjectConfigurationPlatforms) = postSolution
		{7C6DF23B-52BE-40EF-8332-B1B1986C33C8}.Debug|Any CPU.ActiveCfg = Debug|Any CPU
		{7C6DF23B-52BE-40EF-8332-B1B1986C33C8}.Debug|Any CPU.Build.0 = Debug|Any CPU
		{7C6DF23B-52BE-40EF-8332-B1B1986C33C8}.Release|Any CPU.ActiveCfg = Release|Any CPU
		{7C6DF23B-52BE-40EF-8332-B1B1986C33C8}.Release|Any CPU.Build.0 = Release|Any CPU
	EndGlobalSection
	GlobalSection(SolutionProperties) = preSolution
		HideSolutionNode = FALSE
	EndGlobalSection
	GlobalSection(ExtensibilityGlobals) = postSolution
		SolutionGuid = {353FC568-E243-4EDE-B0DE-BDC3B8C30A61}
	EndGlobalSection
EndGlobal
